
Microsoft Visual Studio Solution File, Format Version 12.00
# Visual Studio Version 16
VisualStudioVersion = 16.0.30907.101
MinimumVisualStudioVersion = 10.0.40219.1
Project("{FAE04EC0-301F-11D3-BF4B-00C04F79EFBC}") = "RepositoryScanner", "RepositoryScanner.csproj", "{273A456F-413E-4E24-8C8D-90642145FF0F}"
EndProject
Global
	GlobalSection(SolutionConfigurationPlatforms) = preSolution
		Debug|Any CPU = Debug|Any CPU
		Release|Any CPU = Release|Any CPU
	EndGlobalSection
	GlobalSection(ProjectConfigurationPlatforms) = postSolution
		{273A456F-413E-4E24-8C8D-90642145FF0F}.Debug|Any CPU.ActiveCfg = Debug|Any CPU
		{273A456F-413E-4E24-8C8D-90642145FF0F}.Debug|Any CPU.Build.0 = Debug|Any CPU
		{273A456F-413E-4E24-8C8D-90642145FF0F}.Release|Any CPU.ActiveCfg = Release|Any CPU
		{273A456F-413E-4E24-8C8D-90642145FF0F}.Release|Any CPU.Build.0 = Release|Any CPU
	EndGlobalSection
	GlobalSection(SolutionProperties) = preSolution
		HideSolutionNode = FALSE
	EndGlobalSection
	GlobalSection(ExtensibilityGlobals) = postSolution
		SolutionGuid = {D2940D6F-74EB-44A2-A2A6-AFB0A9FB4131}
	EndGlobalSection
EndGlobal
